// !$*UTF8*$!
{
	archiveVersion = 1;
	classes = {
	};
	objectVersion = 46;
	objects = {

/* Begin PBXBuildFile section */
		376CFC401E893EAC001D88ED /* AppDelegate.swift in Sources */ = {isa = PBXBuildFile; fileRef = 376CFC3F1E893EAC001D88ED /* AppDelegate.swift */; };
		376CFC421E893EAC001D88ED /* Assets.xcassets in Resources */ = {isa = PBXBuildFile; fileRef = 376CFC411E893EAC001D88ED /* Assets.xcassets */; };
		376CFC541E893EEF001D88ED /* Cocoa.framework in Frameworks */ = {isa = PBXBuildFile; fileRef = 376CFC531E893EEF001D88ED /* Cocoa.framework */; };
		376CFC591E893EEF001D88ED /* SourceEditorExtension.swift in Sources */ = {isa = PBXBuildFile; fileRef = 376CFC581E893EEF001D88ED /* SourceEditorExtension.swift */; };
		376CFC5B1E893EEF001D88ED /* SourceEditorCommand.swift in Sources */ = {isa = PBXBuildFile; fileRef = 376CFC5A1E893EEF001D88ED /* SourceEditorCommand.swift */; };
		376CFC5F1E893EEF001D88ED /* WateringCppEx.appex in Embed App Extensions */ = {isa = PBXBuildFile; fileRef = 376CFC511E893EEF001D88ED /* WateringCppEx.appex */; settings = {ATTRIBUTES = (RemoveHeadersOnCopy, ); }; };
		3777EF641E8A9B4C003AFE16 /* WateringCppTests.swift in Sources */ = {isa = PBXBuildFile; fileRef = 3777EF631E8A9B4C003AFE16 /* WateringCppTests.swift */; };
		3777EF6B1E8A9B58003AFE16 /* String+regexp.swift in Sources */ = {isa = PBXBuildFile; fileRef = 379CB9D71E8A91D5009D1BAD /* String+regexp.swift */; };
		3777EF6C1E8A9B5B003AFE16 /* CppFunction.swift in Sources */ = {isa = PBXBuildFile; fileRef = 379CB9D91E8A9648009D1BAD /* CppFunction.swift */; };
		379CB9D81E8A91D5009D1BAD /* String+regexp.swift in Sources */ = {isa = PBXBuildFile; fileRef = 379CB9D71E8A91D5009D1BAD /* String+regexp.swift */; };
		379CB9DA1E8A9648009D1BAD /* CppFunction.swift in Sources */ = {isa = PBXBuildFile; fileRef = 379CB9D91E8A9648009D1BAD /* CppFunction.swift */; };
/* End PBXBuildFile section */

/* Begin PBXContainerItemProxy section */
		376CFC5D1E893EEF001D88ED /* PBXContainerItemProxy */ = {
			isa = PBXContainerItemProxy;
			containerPortal = 376CFC341E893EAC001D88ED /* Project object */;
			proxyType = 1;
			remoteGlobalIDString = 376CFC501E893EEF001D88ED;
			remoteInfo = WateringCppEx;
		};
		3777EF661E8A9B4C003AFE16 /* PBXContainerItemProxy */ = {
			isa = PBXContainerItemProxy;
			containerPortal = 376CFC341E893EAC001D88ED /* Project object */;
			proxyType = 1;
			remoteGlobalIDString = 376CFC3B1E893EAC001D88ED;
			remoteInfo = WateringCpp;
		};
/* End PBXContainerItemProxy section */

/* Begin PBXCopyFilesBuildPhase section */
		376CFC631E893EEF001D88ED /* Embed App Extensions */ = {
			isa = PBXCopyFilesBuildPhase;
			buildActionMask = 2147483647;
			dstPath = "";
			dstSubfolderSpec = 13;
			files = (
				376CFC5F1E893EEF001D88ED /* WateringCppEx.appex in Embed App Extensions */,
			);
			name = "Embed App Extensions";
			runOnlyForDeploymentPostprocessing = 0;
		};
/* End PBXCopyFilesBuildPhase section */

/* Begin PBXFileReference section */
		376CFC3C1E893EAC001D88ED /* WateringCpp.app */ = {isa = PBXFileReference; explicitFileType = wrapper.application; includeInIndex = 0; path = WateringCpp.app; sourceTree = BUILT_PRODUCTS_DIR; };
		376CFC3F1E893EAC001D88ED /* AppDelegate.swift */ = {isa = PBXFileReference; lastKnownFileType = sourcecode.swift; path = AppDelegate.swift; sourceTree = "<group>"; };
		376CFC411E893EAC001D88ED /* Assets.xcassets */ = {isa = PBXFileReference; lastKnownFileType = folder.assetcatalog; path = Assets.xcassets; sourceTree = "<group>"; };
		376CFC461E893EAC001D88ED /* Info.plist */ = {isa = PBXFileReference; lastKnownFileType = text.plist.xml; path = Info.plist; sourceTree = "<group>"; };
		376CFC4C1E893EDA001D88ED /* WateringCpp.entitlements */ = {isa = PBXFileReference; lastKnownFileType = text.plist.entitlements; path = WateringCpp.entitlements; sourceTree = "<group>"; };
		376CFC511E893EEF001D88ED /* WateringCppEx.appex */ = {isa = PBXFileReference; explicitFileType = "wrapper.app-extension"; includeInIndex = 0; path = WateringCppEx.appex; sourceTree = BUILT_PRODUCTS_DIR; };
		376CFC531E893EEF001D88ED /* Cocoa.framework */ = {isa = PBXFileReference; lastKnownFileType = wrapper.framework; name = Cocoa.framework; path = System/Library/Frameworks/Cocoa.framework; sourceTree = SDKROOT; };
		376CFC571E893EEF001D88ED /* WateringCppEx.entitlements */ = {isa = PBXFileReference; lastKnownFileType = text.plist.entitlements; path = WateringCppEx.entitlements; sourceTree = "<group>"; };
		376CFC581E893EEF001D88ED /* SourceEditorExtension.swift */ = {isa = PBXFileReference; lastKnownFileType = sourcecode.swift; path = SourceEditorExtension.swift; sourceTree = "<group>"; };
		376CFC5A1E893EEF001D88ED /* SourceEditorCommand.swift */ = {isa = PBXFileReference; lastKnownFileType = sourcecode.swift; path = SourceEditorCommand.swift; sourceTree = "<group>"; };
		376CFC5C1E893EEF001D88ED /* Info.plist */ = {isa = PBXFileReference; lastKnownFileType = text.plist.xml; path = Info.plist; sourceTree = "<group>"; };
		3777EF611E8A9B4C003AFE16 /* WateringCppTests.xctest */ = {isa = PBXFileReference; explicitFileType = wrapper.cfbundle; includeInIndex = 0; path = WateringCppTests.xctest; sourceTree = BUILT_PRODUCTS_DIR; };
		3777EF631E8A9B4C003AFE16 /* WateringCppTests.swift */ = {isa = PBXFileReference; lastKnownFileType = sourcecode.swift; path = WateringCppTests.swift; sourceTree = "<group>"; };
		3777EF651E8A9B4C003AFE16 /* Info.plist */ = {isa = PBXFileReference; lastKnownFileType = text.plist.xml; path = Info.plist; sourceTree = "<group>"; };
		379CB9D71E8A91D5009D1BAD /* String+regexp.swift */ = {isa = PBXFileReference; fileEncoding = 4; lastKnownFileType = sourcecode.swift; path = "String+regexp.swift"; sourceTree = "<group>"; };
		379CB9D91E8A9648009D1BAD /* CppFunction.swift */ = {isa = PBXFileReference; fileEncoding = 4; lastKnownFileType = sourcecode.swift; path = CppFunction.swift; sourceTree = "<group>"; };
/* End PBXFileReference section */

/* Begin PBXFrameworksBuildPhase section */
		376CFC391E893EAC001D88ED /* Frameworks */ = {
			isa = PBXFrameworksBuildPhase;
			buildActionMask = 2147483647;
			files = (
			);
			runOnlyForDeploymentPostprocessing = 0;
		};
		376CFC4E1E893EEF001D88ED /* Frameworks */ = {
			isa = PBXFrameworksBuildPhase;
			buildActionMask = 2147483647;
			files = (
				376CFC541E893EEF001D88ED /* Cocoa.framework in Frameworks */,
			);
			runOnlyForDeploymentPostprocessing = 0;
		};
		3777EF5E1E8A9B4C003AFE16 /* Frameworks */ = {
			isa = PBXFrameworksBuildPhase;
			buildActionMask = 2147483647;
			files = (
			);
			runOnlyForDeploymentPostprocessing = 0;
		};
/* End PBXFrameworksBuildPhase section */

/* Begin PBXGroup section */
		376CFC331E893EAC001D88ED = {
			isa = PBXGroup;
			children = (
				376CFC3E1E893EAC001D88ED /* WateringCpp */,
				376CFC551E893EEF001D88ED /* WateringCppEx */,
				3777EF621E8A9B4C003AFE16 /* WateringCppTests */,
				376CFC521E893EEF001D88ED /* Frameworks */,
				376CFC3D1E893EAC001D88ED /* Products */,
			);
			sourceTree = "<group>";
		};
		376CFC3D1E893EAC001D88ED /* Products */ = {
			isa = PBXGroup;
			children = (
				376CFC3C1E893EAC001D88ED /* WateringCpp.app */,
				376CFC511E893EEF001D88ED /* WateringCppEx.appex */,
				3777EF611E8A9B4C003AFE16 /* WateringCppTests.xctest */,
			);
			name = Products;
			sourceTree = "<group>";
		};
		376CFC3E1E893EAC001D88ED /* WateringCpp */ = {
			isa = PBXGroup;
			children = (
				376CFC4C1E893EDA001D88ED /* WateringCpp.entitlements */,
				376CFC3F1E893EAC001D88ED /* AppDelegate.swift */,
				376CFC411E893EAC001D88ED /* Assets.xcassets */,
				376CFC461E893EAC001D88ED /* Info.plist */,
			);
			path = WateringCpp;
			sourceTree = "<group>";
		};
		376CFC521E893EEF001D88ED /* Frameworks */ = {
			isa = PBXGroup;
			children = (
				376CFC531E893EEF001D88ED /* Cocoa.framework */,
			);
			name = Frameworks;
			sourceTree = "<group>";
		};
		376CFC551E893EEF001D88ED /* WateringCppEx */ = {
			isa = PBXGroup;
			children = (
				376CFC581E893EEF001D88ED /* SourceEditorExtension.swift */,
				376CFC5A1E893EEF001D88ED /* SourceEditorCommand.swift */,
				379CB9D71E8A91D5009D1BAD /* String+regexp.swift */,
				379CB9D91E8A9648009D1BAD /* CppFunction.swift */,
				376CFC5C1E893EEF001D88ED /* Info.plist */,
				376CFC561E893EEF001D88ED /* Supporting Files */,
			);
			path = WateringCppEx;
			sourceTree = "<group>";
		};
		376CFC561E893EEF001D88ED /* Supporting Files */ = {
			isa = PBXGroup;
			children = (
				376CFC571E893EEF001D88ED /* WateringCppEx.entitlements */,
			);
			name = "Supporting Files";
			sourceTree = "<group>";
		};
		3777EF621E8A9B4C003AFE16 /* WateringCppTests */ = {
			isa = PBXGroup;
			children = (
				3777EF631E8A9B4C003AFE16 /* WateringCppTests.swift */,
				3777EF651E8A9B4C003AFE16 /* Info.plist */,
			);
			path = WateringCppTests;
			sourceTree = "<group>";
		};
/* End PBXGroup section */

/* Begin PBXNativeTarget section */
		376CFC3B1E893EAC001D88ED /* WateringCpp */ = {
			isa = PBXNativeTarget;
			buildConfigurationList = 376CFC491E893EAC001D88ED /* Build configuration list for PBXNativeTarget "WateringCpp" */;
			buildPhases = (
				376CFC381E893EAC001D88ED /* Sources */,
				376CFC391E893EAC001D88ED /* Frameworks */,
				376CFC3A1E893EAC001D88ED /* Resources */,
				376CFC631E893EEF001D88ED /* Embed App Extensions */,
			);
			buildRules = (
			);
			dependencies = (
				376CFC5E1E893EEF001D88ED /* PBXTargetDependency */,
			);
			name = WateringCpp;
			productName = WateringCpp;
			productReference = 376CFC3C1E893EAC001D88ED /* WateringCpp.app */;
			productType = "com.apple.product-type.application";
		};
		376CFC501E893EEF001D88ED /* WateringCppEx */ = {
			isa = PBXNativeTarget;
			buildConfigurationList = 376CFC601E893EEF001D88ED /* Build configuration list for PBXNativeTarget "WateringCppEx" */;
			buildPhases = (
				376CFC4D1E893EEF001D88ED /* Sources */,
				376CFC4E1E893EEF001D88ED /* Frameworks */,
				376CFC4F1E893EEF001D88ED /* Resources */,
			);
			buildRules = (
			);
			dependencies = (
			);
			name = WateringCppEx;
			productName = WateringCppEx;
			productReference = 376CFC511E893EEF001D88ED /* WateringCppEx.appex */;
			productType = "com.apple.product-type.xcode-extension";
		};
		3777EF601E8A9B4C003AFE16 /* WateringCppTests */ = {
			isa = PBXNativeTarget;
			buildConfigurationList = 3777EF6A1E8A9B4C003AFE16 /* Build configuration list for PBXNativeTarget "WateringCppTests" */;
			buildPhases = (
				3777EF5D1E8A9B4C003AFE16 /* Sources */,
				3777EF5E1E8A9B4C003AFE16 /* Frameworks */,
				3777EF5F1E8A9B4C003AFE16 /* Resources */,
			);
			buildRules = (
			);
			dependencies = (
				3777EF671E8A9B4C003AFE16 /* PBXTargetDependency */,
			);
			name = WateringCppTests;
			productName = WateringCppTests;
			productReference = 3777EF611E8A9B4C003AFE16 /* WateringCppTests.xctest */;
			productType = "com.apple.product-type.bundle.unit-test";
		};
/* End PBXNativeTarget section */

/* Begin PBXProject section */
		376CFC341E893EAC001D88ED /* Project object */ = {
			isa = PBXProject;
			attributes = {
				LastSwiftUpdateCheck = 0830;
				LastUpgradeCheck = 0820;
				ORGANIZATIONNAME = sidepelican;
				TargetAttributes = {
					376CFC3B1E893EAC001D88ED = {
						CreatedOnToolsVersion = 8.2.1;
						DevelopmentTeam = R3M694BK62;
						ProvisioningStyle = Manual;
						SystemCapabilities = {
							com.apple.Sandbox = {
								enabled = 1;
							};
						};
					};
					376CFC501E893EEF001D88ED = {
						CreatedOnToolsVersion = 8.2.1;
						DevelopmentTeam = R3M694BK62;
						ProvisioningStyle = Manual;
					};
					3777EF601E8A9B4C003AFE16 = {
						CreatedOnToolsVersion = 8.3;
						DevelopmentTeam = R3M694BK62;
						ProvisioningStyle = Manual;
						TestTargetID = 376CFC3B1E893EAC001D88ED;
					};
				};
			};
			buildConfigurationList = 376CFC371E893EAC001D88ED /* Build configuration list for PBXProject "WateringCpp" */;
			compatibilityVersion = "Xcode 3.2";
			developmentRegion = English;
			hasScannedForEncodings = 0;
			knownRegions = (
				en,
				Base,
			);
			mainGroup = 376CFC331E893EAC001D88ED;
			productRefGroup = 376CFC3D1E893EAC001D88ED /* Products */;
			projectDirPath = "";
			projectRoot = "";
			targets = (
				376CFC3B1E893EAC001D88ED /* WateringCpp */,
				376CFC501E893EEF001D88ED /* WateringCppEx */,
				3777EF601E8A9B4C003AFE16 /* WateringCppTests */,
			);
		};
/* End PBXProject section */

/* Begin PBXResourcesBuildPhase section */
		376CFC3A1E893EAC001D88ED /* Resources */ = {
			isa = PBXResourcesBuildPhase;
			buildActionMask = 2147483647;
			files = (
				376CFC421E893EAC001D88ED /* Assets.xcassets in Resources */,
			);
			runOnlyForDeploymentPostprocessing = 0;
		};
		376CFC4F1E893EEF001D88ED /* Resources */ = {
			isa = PBXResourcesBuildPhase;
			buildActionMask = 2147483647;
			files = (
			);
			runOnlyForDeploymentPostprocessing = 0;
		};
		3777EF5F1E8A9B4C003AFE16 /* Resources */ = {
			isa = PBXResourcesBuildPhase;
			buildActionMask = 2147483647;
			files = (
			);
			runOnlyForDeploymentPostprocessing = 0;
		};
/* End PBXResourcesBuildPhase section */

/* Begin PBXSourcesBuildPhase section */
		376CFC381E893EAC001D88ED /* Sources */ = {
			isa = PBXSourcesBuildPhase;
			buildActionMask = 2147483647;
			files = (
				376CFC401E893EAC001D88ED /* AppDelegate.swift in Sources */,
			);
			runOnlyForDeploymentPostprocessing = 0;
		};
		376CFC4D1E893EEF001D88ED /* Sources */ = {
			isa = PBXSourcesBuildPhase;
			buildActionMask = 2147483647;
			files = (
				379CB9D81E8A91D5009D1BAD /* String+regexp.swift in Sources */,
				379CB9DA1E8A9648009D1BAD /* CppFunction.swift in Sources */,
				376CFC591E893EEF001D88ED /* SourceEditorExtension.swift in Sources */,
				376CFC5B1E893EEF001D88ED /* SourceEditorCommand.swift in Sources */,
			);
			runOnlyForDeploymentPostprocessing = 0;
		};
		3777EF5D1E8A9B4C003AFE16 /* Sources */ = {
			isa = PBXSourcesBuildPhase;
			buildActionMask = 2147483647;
			files = (
				3777EF6C1E8A9B5B003AFE16 /* CppFunction.swift in Sources */,
				3777EF641E8A9B4C003AFE16 /* WateringCppTests.swift in Sources */,
				3777EF6B1E8A9B58003AFE16 /* String+regexp.swift in Sources */,
			);
			runOnlyForDeploymentPostprocessing = 0;
		};
/* End PBXSourcesBuildPhase section */

/* Begin PBXTargetDependency section */
		376CFC5E1E893EEF001D88ED /* PBXTargetDependency */ = {
			isa = PBXTargetDependency;
			target = 376CFC501E893EEF001D88ED /* WateringCppEx */;
			targetProxy = 376CFC5D1E893EEF001D88ED /* PBXContainerItemProxy */;
		};
		3777EF671E8A9B4C003AFE16 /* PBXTargetDependency */ = {
			isa = PBXTargetDependency;
			target = 376CFC3B1E893EAC001D88ED /* WateringCpp */;
			targetProxy = 3777EF661E8A9B4C003AFE16 /* PBXContainerItemProxy */;
		};
/* End PBXTargetDependency section */

/* Begin XCBuildConfiguration section */
		376CFC471E893EAC001D88ED /* Debug */ = {
			isa = XCBuildConfiguration;
			buildSettings = {
				ALWAYS_SEARCH_USER_PATHS = NO;
				CLANG_ANALYZER_NONNULL = YES;
				CLANG_CXX_LANGUAGE_STANDARD = "gnu++0x";
				CLANG_CXX_LIBRARY = "libc++";
				CLANG_ENABLE_MODULES = YES;
				CLANG_ENABLE_OBJC_ARC = YES;
				CLANG_WARN_BOOL_CONVERSION = YES;
				CLANG_WARN_CONSTANT_CONVERSION = YES;
				CLANG_WARN_DIRECT_OBJC_ISA_USAGE = YES_ERROR;
				CLANG_WARN_DOCUMENTATION_COMMENTS = YES;
				CLANG_WARN_EMPTY_BODY = YES;
				CLANG_WARN_ENUM_CONVERSION = YES;
				CLANG_WARN_INFINITE_RECURSION = YES;
				CLANG_WARN_INT_CONVERSION = YES;
				CLANG_WARN_OBJC_ROOT_CLASS = YES_ERROR;
				CLANG_WARN_SUSPICIOUS_MOVE = YES;
				CLANG_WARN_UNREACHABLE_CODE = YES;
				CLANG_WARN__DUPLICATE_METHOD_MATCH = YES;
				CODE_SIGN_IDENTITY = "-";
				COPY_PHASE_STRIP = NO;
				DEBUG_INFORMATION_FORMAT = dwarf;
				ENABLE_STRICT_OBJC_MSGSEND = YES;
				ENABLE_TESTABILITY = YES;
				GCC_C_LANGUAGE_STANDARD = gnu99;
				GCC_DYNAMIC_NO_PIC = NO;
				GCC_NO_COMMON_BLOCKS = YES;
				GCC_OPTIMIZATION_LEVEL = 0;
				GCC_PREPROCESSOR_DEFINITIONS = (
					"DEBUG=1",
					"$(inherited)",
				);
				GCC_WARN_64_TO_32_BIT_CONVERSION = YES;
				GCC_WARN_ABOUT_RETURN_TYPE = YES_ERROR;
				GCC_WARN_UNDECLARED_SELECTOR = YES;
				GCC_WARN_UNINITIALIZED_AUTOS = YES_AGGRESSIVE;
				GCC_WARN_UNUSED_FUNCTION = YES;
				GCC_WARN_UNUSED_VARIABLE = YES;
				MACOSX_DEPLOYMENT_TARGET = 10.12;
				MTL_ENABLE_DEBUG_INFO = YES;
				ONLY_ACTIVE_ARCH = YES;
				SDKROOT = macosx;
				SWIFT_ACTIVE_COMPILATION_CONDITIONS = DEBUG;
				SWIFT_OPTIMIZATION_LEVEL = "-Onone";
			};
			name = Debug;
		};
		376CFC481E893EAC001D88ED /* Release */ = {
			isa = XCBuildConfiguration;
			buildSettings = {
				ALWAYS_SEARCH_USER_PATHS = NO;
				CLANG_ANALYZER_NONNULL = YES;
				CLANG_CXX_LANGUAGE_STANDARD = "gnu++0x";
				CLANG_CXX_LIBRARY = "libc++";
				CLANG_ENABLE_MODULES = YES;
				CLANG_ENABLE_OBJC_ARC = YES;
				CLANG_WARN_BOOL_CONVERSION = YES;
				CLANG_WARN_CONSTANT_CONVERSION = YES;
				CLANG_WARN_DIRECT_OBJC_ISA_USAGE = YES_ERROR;
				CLANG_WARN_DOCUMENTATION_COMMENTS = YES;
				CLANG_WARN_EMPTY_BODY = YES;
				CLANG_WARN_ENUM_CONVERSION = YES;
				CLANG_WARN_INFINITE_RECURSION = YES;
				CLANG_WARN_INT_CONVERSION = YES;
				CLANG_WARN_OBJC_ROOT_CLASS = YES_ERROR;
				CLANG_WARN_SUSPICIOUS_MOVE = YES;
				CLANG_WARN_UNREACHABLE_CODE = YES;
				CLANG_WARN__DUPLICATE_METHOD_MATCH = YES;
				CODE_SIGN_IDENTITY = "-";
				COPY_PHASE_STRIP = NO;
				DEBUG_INFORMATION_FORMAT = "dwarf-with-dsym";
				ENABLE_NS_ASSERTIONS = NO;
				ENABLE_STRICT_OBJC_MSGSEND = YES;
				GCC_C_LANGUAGE_STANDARD = gnu99;
				GCC_NO_COMMON_BLOCKS = YES;
				GCC_WARN_64_TO_32_BIT_CONVERSION = YES;
				GCC_WARN_ABOUT_RETURN_TYPE = YES_ERROR;
				GCC_WARN_UNDECLARED_SELECTOR = YES;
				GCC_WARN_UNINITIALIZED_AUTOS = YES_AGGRESSIVE;
				GCC_WARN_UNUSED_FUNCTION = YES;
				GCC_WARN_UNUSED_VARIABLE = YES;
				MACOSX_DEPLOYMENT_TARGET = 10.12;
				MTL_ENABLE_DEBUG_INFO = NO;
				SDKROOT = macosx;
				SWIFT_OPTIMIZATION_LEVEL = "-Owholemodule";
			};
			name = Release;
		};
		376CFC4A1E893EAC001D88ED /* Debug */ = {
			isa = XCBuildConfiguration;
			buildSettings = {
				ALWAYS_EMBED_SWIFT_STANDARD_LIBRARIES = YES;
				ASSETCATALOG_COMPILER_APPICON_NAME = AppIcon;
				CODE_SIGN_ENTITLEMENTS = WateringCpp/WateringCpp.entitlements;
				CODE_SIGN_IDENTITY = "Developer ID Application";
				COMBINE_HIDPI_IMAGES = YES;
				DEVELOPMENT_TEAM = R3M694BK62;
				INFOPLIST_FILE = WateringCpp/Info.plist;
				LD_RUNPATH_SEARCH_PATHS = "$(inherited) @executable_path/../Frameworks";
				MACOSX_DEPLOYMENT_TARGET = 10.11;
				PRODUCT_BUNDLE_IDENTIFIER = com.gmail.side.junktown.WateringCpp;
				PRODUCT_NAME = "$(TARGET_NAME)";
				PROVISIONING_PROFILE = "9039e312-925d-42f0-ae58-410542639d9e";
				PROVISIONING_PROFILE_SPECIFIER = "WateringCpp DeveloperID";
				SWIFT_VERSION = 3.0;
			};
			name = Debug;
		};
		376CFC4B1E893EAC001D88ED /* Release */ = {
			isa = XCBuildConfiguration;
			buildSettings = {
				ALWAYS_EMBED_SWIFT_STANDARD_LIBRARIES = YES;
				ASSETCATALOG_COMPILER_APPICON_NAME = AppIcon;
				CODE_SIGN_ENTITLEMENTS = WateringCpp/WateringCpp.entitlements;
				CODE_SIGN_IDENTITY = "Developer ID Application";
				COMBINE_HIDPI_IMAGES = YES;
				DEVELOPMENT_TEAM = R3M694BK62;
				INFOPLIST_FILE = WateringCpp/Info.plist;
				LD_RUNPATH_SEARCH_PATHS = "$(inherited) @executable_path/../Frameworks";
				MACOSX_DEPLOYMENT_TARGET = 10.11;
				PRODUCT_BUNDLE_IDENTIFIER = com.gmail.side.junktown.WateringCpp;
				PRODUCT_NAME = "$(TARGET_NAME)";
				PROVISIONING_PROFILE = "9039e312-925d-42f0-ae58-410542639d9e";
				PROVISIONING_PROFILE_SPECIFIER = "WateringCpp DeveloperID";
				SWIFT_VERSION = 3.0;
			};
			name = Release;
		};
		376CFC611E893EEF001D88ED /* Debug */ = {
			isa = XCBuildConfiguration;
			buildSettings = {
				CODE_SIGN_ENTITLEMENTS = WateringCppEx/WateringCppEx.entitlements;
				CODE_SIGN_IDENTITY = "Developer ID Application";
				COMBINE_HIDPI_IMAGES = YES;
				DEVELOPMENT_TEAM = R3M694BK62;
				INFOPLIST_FILE = WateringCppEx/Info.plist;
				LD_RUNPATH_SEARCH_PATHS = "$(inherited) @executable_path/../Frameworks @executable_path/../../../../Frameworks";
				MACOSX_DEPLOYMENT_TARGET = 10.11;
				PRODUCT_BUNDLE_IDENTIFIER = com.gmail.side.junktown.WateringCpp.WateringCppEx;
				PRODUCT_NAME = "$(TARGET_NAME)";
				PROVISIONING_PROFILE = "29b4ddf2-4304-4707-9be8-67dd2af2c1fd";
				PROVISIONING_PROFILE_SPECIFIER = "WateringCppEx DeveloperID";
				SKIP_INSTALL = YES;
				SWIFT_VERSION = 3.0;
			};
			name = Debug;
		};
		376CFC621E893EEF001D88ED /* Release */ = {
			isa = XCBuildConfiguration;
			buildSettings = {
				CODE_SIGN_ENTITLEMENTS = WateringCppEx/WateringCppEx.entitlements;
				CODE_SIGN_IDENTITY = "Developer ID Application";
				COMBINE_HIDPI_IMAGES = YES;
				DEVELOPMENT_TEAM = R3M694BK62;
				INFOPLIST_FILE = WateringCppEx/Info.plist;
				LD_RUNPATH_SEARCH_PATHS = "$(inherited) @executable_path/../Frameworks @executable_path/../../../../Frameworks";
				MACOSX_DEPLOYMENT_TARGET = 10.11;
				PRODUCT_BUNDLE_IDENTIFIER = com.gmail.side.junktown.WateringCpp.WateringCppEx;
				PRODUCT_NAME = "$(TARGET_NAME)";
				PROVISIONING_PROFILE = "29b4ddf2-4304-4707-9be8-67dd2af2c1fd";
				PROVISIONING_PROFILE_SPECIFIER = "WateringCppEx DeveloperID";
				SKIP_INSTALL = YES;
				SWIFT_VERSION = 3.0;
			};
			name = Release;
		};
		3777EF681E8A9B4C003AFE16 /* Debug */ = {
			isa = XCBuildConfiguration;
			buildSettings = {
				BUNDLE_LOADER = "$(TEST_HOST)";
				CLANG_ANALYZER_NUMBER_OBJECT_CONVERSION = YES_AGGRESSIVE;
				CODE_SIGN_IDENTITY = "Developer ID Application";
				COMBINE_HIDPI_IMAGES = YES;
				DEVELOPMENT_TEAM = R3M694BK62;
				INFOPLIST_FILE = WateringCppTests/Info.plist;
				LD_RUNPATH_SEARCH_PATHS = "$(inherited) @executable_path/../Frameworks @loader_path/../Frameworks";
				PRODUCT_BUNDLE_IDENTIFIER = com.gmail.side.junktown.WateringCppTests;
				PRODUCT_NAME = "$(TARGET_NAME)";
				PROVISIONING_PROFILE_SPECIFIER = "";
				SWIFT_VERSION = 3.0;
				TEST_HOST = "$(BUILT_PRODUCTS_DIR)/WateringCpp.app/Contents/MacOS/WateringCpp";
			};
			name = Debug;
		};
		3777EF691E8A9B4C003AFE16 /* Release */ = {
			isa = XCBuildConfiguration;
			buildSettings = {
				BUNDLE_LOADER = "$(TEST_HOST)";
				CLANG_ANALYZER_NUMBER_OBJECT_CONVERSION = YES_AGGRESSIVE;
				CODE_SIGN_IDENTITY = "Developer ID Application";
				COMBINE_HIDPI_IMAGES = YES;
				DEVELOPMENT_TEAM = R3M694BK62;
				INFOPLIST_FILE = WateringCppTests/Info.plist;
				LD_RUNPATH_SEARCH_PATHS = "$(inherited) @executable_path/../Frameworks @loader_path/../Frameworks";
				PRODUCT_BUNDLE_IDENTIFIER = com.gmail.side.junktown.WateringCppTests;
				PRODUCT_NAME = "$(TARGET_NAME)";
				PROVISIONING_PROFILE_SPECIFIER = "";
				SWIFT_VERSION = 3.0;
				TEST_HOST = "$(BUILT_PRODUCTS_DIR)/WateringCpp.app/Contents/MacOS/WateringCpp";
			};
			name = Release;
		};
/* End XCBuildConfiguration section */

/* Begin XCConfigurationList section */
		376CFC371E893EAC001D88ED /* Build configuration list for PBXProject "WateringCpp" */ = {
			isa = XCConfigurationList;
			buildConfigurations = (
				376CFC471E893EAC001D88ED /* Debug */,
				376CFC481E893EAC001D88ED /* Release */,
			);
			defaultConfigurationIsVisible = 0;
			defaultConfigurationName = Release;
		};
		376CFC491E893EAC001D88ED /* Build configuration list for PBXNativeTarget "WateringCpp" */ = {
			isa = XCConfigurationList;
			buildConfigurations = (
				376CFC4A1E893EAC001D88ED /* Debug */,
				376CFC4B1E893EAC001D88ED /* Release */,
			);
			defaultConfigurationIsVisible = 0;
			defaultConfigurationName = Release;
		};
		376CFC601E893EEF001D88ED /* Build configuration list for PBXNativeTarget "WateringCppEx" */ = {
			isa = XCConfigurationList;
			buildConfigurations = (
				376CFC611E893EEF001D88ED /* Debug */,
				376CFC621E893EEF001D88ED /* Release */,
			);
			defaultConfigurationIsVisible = 0;
			defaultConfigurationName = Release;
		};
		3777EF6A1E8A9B4C003AFE16 /* Build configuration list for PBXNativeTarget "WateringCppTests" */ = {
			isa = XCConfigurationList;
			buildConfigurations = (
				3777EF681E8A9B4C003AFE16 /* Debug */,
				3777EF691E8A9B4C003AFE16 /* Release */,
			);
			defaultConfigurationIsVisible = 0;
			defaultConfigurationName = Release;
		};
/* End XCConfigurationList section */
	};
	rootObject = 376CFC341E893EAC001D88ED /* Project object */;
}
